
Microsoft Visual Studio Solution File, Format Version 12.00
# Visual Studio Version 16
VisualStudioVersion = 16.0.29001.49
MinimumVisualStudioVersion = 10.0.40219.1
Project("{FAE04EC0-301F-11D3-BF4B-00C04F79EFBC}") = "Resistance in a circuit", "Resistance in a circuit\Resistance in a circuit.csproj", "{4FC551A8-EA56-4638-B89E-349AB63AEAEF}"
EndProject
Global
	GlobalSection(SolutionConfigurationPlatforms) = preSolution
		Debug|Any CPU = Debug|Any CPU
		Release|Any CPU = Release|Any CPU
	EndGlobalSection
	GlobalSection(ProjectConfigurationPlatforms) = postSolution
		{4FC551A8-EA56-4638-B89E-349AB63AEAEF}.Debug|Any CPU.ActiveCfg = Debug|Any CPU
		{4FC551A8-EA56-4638-B89E-349AB63AEAEF}.Debug|Any CPU.Build.0 = Debug|Any CPU
		{4FC551A8-EA56-4638-B89E-349AB63AEAEF}.Release|Any CPU.ActiveCfg = Release|Any CPU
		{4FC551A8-EA56-4638-B89E-349AB63AEAEF}.Release|Any CPU.Build.0 = Release|Any CPU
	EndGlobalSection
	GlobalSection(SolutionProperties) = preSolution
		HideSolutionNode = FALSE
	EndGlobalSection
	GlobalSection(ExtensibilityGlobals) = postSolution
		SolutionGuid = {F515CCBE-159A-4EAC-856D-0348EFA3ED6F}
	EndGlobalSection
EndGlobal
